// !$*UTF8*$!
{
	archiveVersion = 1;
	classes = {
	};
	objectVersion = 55;
	objects = {

/* Begin PBXBuildFile section */
		CAA400B127D280BA00A303E9 /* json.apns in Resources */ = {isa = PBXBuildFile; fileRef = CAA400B027D280BA00A303E9 /* json.apns */; };
		CACF1BDC27CFF6B500544E14 /* AppDelegate.swift in Sources */ = {isa = PBXBuildFile; fileRef = CACF1BDB27CFF6B500544E14 /* AppDelegate.swift */; };
		CACF1BDE27CFF6B500544E14 /* SceneDelegate.swift in Sources */ = {isa = PBXBuildFile; fileRef = CACF1BDD27CFF6B500544E14 /* SceneDelegate.swift */; };
		CACF1BE027CFF6B500544E14 /* ViewController.swift in Sources */ = {isa = PBXBuildFile; fileRef = CACF1BDF27CFF6B500544E14 /* ViewController.swift */; };
		CACF1BE327CFF6B500544E14 /* Main.storyboard in Resources */ = {isa = PBXBuildFile; fileRef = CACF1BE127CFF6B500544E14 /* Main.storyboard */; };
		CACF1BE527CFF6B600544E14 /* Assets.xcassets in Resources */ = {isa = PBXBuildFile; fileRef = CACF1BE427CFF6B600544E14 /* Assets.xcassets */; };
		CACF1BE827CFF6B600544E14 /* LaunchScreen.storyboard in Resources */ = {isa = PBXBuildFile; fileRef = CACF1BE627CFF6B600544E14 /* LaunchScreen.storyboard */; };
		CACF1BF327CFF6B600544E14 /* NotificacionesAgrupadasTests.swift in Sources */ = {isa = PBXBuildFile; fileRef = CACF1BF227CFF6B600544E14 /* NotificacionesAgrupadasTests.swift */; };
		CACF1BFD27CFF6B600544E14 /* NotificacionesAgrupadasUITests.swift in Sources */ = {isa = PBXBuildFile; fileRef = CACF1BFC27CFF6B600544E14 /* NotificacionesAgrupadasUITests.swift */; };
		CACF1BFF27CFF6B600544E14 /* NotificacionesAgrupadasUITestsLaunchTests.swift in Sources */ = {isa = PBXBuildFile; fileRef = CACF1BFE27CFF6B600544E14 /* NotificacionesAgrupadasUITestsLaunchTests.swift */; };
/* End PBXBuildFile section */

/* Begin PBXContainerItemProxy section */
		CACF1BEF27CFF6B600544E14 /* PBXContainerItemProxy */ = {
			isa = PBXContainerItemProxy;
			containerPortal = CACF1BD027CFF6B500544E14 /* Project object */;
			proxyType = 1;
			remoteGlobalIDString = CACF1BD727CFF6B500544E14;
			remoteInfo = NotificacionesAgrupadas;
		};
		CACF1BF927CFF6B600544E14 /* PBXContainerItemProxy */ = {
			isa = PBXContainerItemProxy;
			containerPortal = CACF1BD027CFF6B500544E14 /* Project object */;
			proxyType = 1;
			remoteGlobalIDString = CACF1BD727CFF6B500544E14;
			remoteInfo = NotificacionesAgrupadas;
		};
/* End PBXContainerItemProxy section */

/* Begin PBXFileReference section */
		CAA400B027D280BA00A303E9 /* json.apns */ = {isa = PBXFileReference; lastKnownFileType = text; path = json.apns; sourceTree = "<group>"; };
		CACF1BD827CFF6B500544E14 /* NotificacionesAgrupadas.app */ = {isa = PBXFileReference; explicitFileType = wrapper.application; includeInIndex = 0; path = NotificacionesAgrupadas.app; sourceTree = BUILT_PRODUCTS_DIR; };
		CACF1BDB27CFF6B500544E14 /* AppDelegate.swift */ = {isa = PBXFileReference; lastKnownFileType = sourcecode.swift; path = AppDelegate.swift; sourceTree = "<group>"; };
		CACF1BDD27CFF6B500544E14 /* SceneDelegate.swift */ = {isa = PBXFileReference; lastKnownFileType = sourcecode.swift; path = SceneDelegate.swift; sourceTree = "<group>"; };
		CACF1BDF27CFF6B500544E14 /* ViewController.swift */ = {isa = PBXFileReference; lastKnownFileType = sourcecode.swift; path = ViewController.swift; sourceTree = "<group>"; };
		CACF1BE227CFF6B500544E14 /* Base */ = {isa = PBXFileReference; lastKnownFileType = file.storyboard; name = Base; path = Base.lproj/Main.storyboard; sourceTree = "<group>"; };
		CACF1BE427CFF6B600544E14 /* Assets.xcassets */ = {isa = PBXFileReference; lastKnownFileType = folder.assetcatalog; path = Assets.xcassets; sourceTree = "<group>"; };
		CACF1BE727CFF6B600544E14 /* Base */ = {isa = PBXFileReference; lastKnownFileType = file.storyboard; name = Base; path = Base.lproj/LaunchScreen.storyboard; sourceTree = "<group>"; };
		CACF1BE927CFF6B600544E14 /* Info.plist */ = {isa = PBXFileReference; lastKnownFileType = text.plist.xml; path = Info.plist; sourceTree = "<group>"; };
		CACF1BEE27CFF6B600544E14 /* NotificacionesAgrupadasTests.xctest */ = {isa = PBXFileReference; explicitFileType = wrapper.cfbundle; includeInIndex = 0; path = NotificacionesAgrupadasTests.xctest; sourceTree = BUILT_PRODUCTS_DIR; };
		CACF1BF227CFF6B600544E14 /* NotificacionesAgrupadasTests.swift */ = {isa = PBXFileReference; lastKnownFileType = sourcecode.swift; path = NotificacionesAgrupadasTests.swift; sourceTree = "<group>"; };
		CACF1BF827CFF6B600544E14 /* NotificacionesAgrupadasUITests.xctest */ = {isa = PBXFileReference; explicitFileType = wrapper.cfbundle; includeInIndex = 0; path = NotificacionesAgrupadasUITests.xctest; sourceTree = BUILT_PRODUCTS_DIR; };
		CACF1BFC27CFF6B600544E14 /* NotificacionesAgrupadasUITests.swift */ = {isa = PBXFileReference; lastKnownFileType = sourcecode.swift; path = NotificacionesAgrupadasUITests.swift; sourceTree = "<group>"; };
		CACF1BFE27CFF6B600544E14 /* NotificacionesAgrupadasUITestsLaunchTests.swift */ = {isa = PBXFileReference; lastKnownFileType = sourcecode.swift; path = NotificacionesAgrupadasUITestsLaunchTests.swift; sourceTree = "<group>"; };
/* End PBXFileReference section */

/* Begin PBXFrameworksBuildPhase section */
		CACF1BD527CFF6B500544E14 /* Frameworks */ = {
			isa = PBXFrameworksBuildPhase;
			buildActionMask = 2147483647;
			files = (
			);
			runOnlyForDeploymentPostprocessing = 0;
		};
		CACF1BEB27CFF6B600544E14 /* Frameworks */ = {
			isa = PBXFrameworksBuildPhase;
			buildActionMask = 2147483647;
			files = (
			);
			runOnlyForDeploymentPostprocessing = 0;
		};
		CACF1BF527CFF6B600544E14 /* Frameworks */ = {
			isa = PBXFrameworksBuildPhase;
			buildActionMask = 2147483647;
			files = (
			);
			runOnlyForDeploymentPostprocessing = 0;
		};
/* End PBXFrameworksBuildPhase section */

/* Begin PBXGroup section */
		CACF1BCF27CFF6B500544E14 = {
			isa = PBXGroup;
			children = (
				CAA400B027D280BA00A303E9 /* json.apns */,
				CACF1BDA27CFF6B500544E14 /* NotificacionesAgrupadas */,
				CACF1BF127CFF6B600544E14 /* NotificacionesAgrupadasTests */,
				CACF1BFB27CFF6B600544E14 /* NotificacionesAgrupadasUITests */,
				CACF1BD927CFF6B500544E14 /* Products */,
			);
			sourceTree = "<group>";
		};
		CACF1BD927CFF6B500544E14 /* Products */ = {
			isa = PBXGroup;
			children = (
				CACF1BD827CFF6B500544E14 /* NotificacionesAgrupadas.app */,
				CACF1BEE27CFF6B600544E14 /* NotificacionesAgrupadasTests.xctest */,
				CACF1BF827CFF6B600544E14 /* NotificacionesAgrupadasUITests.xctest */,
			);
			name = Products;
			sourceTree = "<group>";
		};
		CACF1BDA27CFF6B500544E14 /* NotificacionesAgrupadas */ = {
			isa = PBXGroup;
			children = (
				CACF1BDB27CFF6B500544E14 /* AppDelegate.swift */,
				CACF1BDD27CFF6B500544E14 /* SceneDelegate.swift */,
				CACF1BDF27CFF6B500544E14 /* ViewController.swift */,
				CACF1BE127CFF6B500544E14 /* Main.storyboard */,
				CACF1BE427CFF6B600544E14 /* Assets.xcassets */,
				CACF1BE627CFF6B600544E14 /* LaunchScreen.storyboard */,
				CACF1BE927CFF6B600544E14 /* Info.plist */,
			);
			path = NotificacionesAgrupadas;
			sourceTree = "<group>";
		};
		CACF1BF127CFF6B600544E14 /* NotificacionesAgrupadasTests */ = {
			isa = PBXGroup;
			children = (
				CACF1BF227CFF6B600544E14 /* NotificacionesAgrupadasTests.swift */,
			);
			path = NotificacionesAgrupadasTests;
			sourceTree = "<group>";
		};
		CACF1BFB27CFF6B600544E14 /* NotificacionesAgrupadasUITests */ = {
			isa = PBXGroup;
			children = (
				CACF1BFC27CFF6B600544E14 /* NotificacionesAgrupadasUITests.swift */,
				CACF1BFE27CFF6B600544E14 /* NotificacionesAgrupadasUITestsLaunchTests.swift */,
			);
			path = NotificacionesAgrupadasUITests;
			sourceTree = "<group>";
		};
/* End PBXGroup section */

/* Begin PBXNativeTarget section */
		CACF1BD727CFF6B500544E14 /* NotificacionesAgrupadas */ = {
			isa = PBXNativeTarget;
			buildConfigurationList = CACF1C0227CFF6B600544E14 /* Build configuration list for PBXNativeTarget "NotificacionesAgrupadas" */;
			buildPhases = (
				CACF1BD427CFF6B500544E14 /* Sources */,
				CACF1BD527CFF6B500544E14 /* Frameworks */,
				CACF1BD627CFF6B500544E14 /* Resources */,
			);
			buildRules = (
			);
			dependencies = (
			);
			name = NotificacionesAgrupadas;
			productName = NotificacionesAgrupadas;
			productReference = CACF1BD827CFF6B500544E14 /* NotificacionesAgrupadas.app */;
			productType = "com.apple.product-type.application";
		};
		CACF1BED27CFF6B600544E14 /* NotificacionesAgrupadasTests */ = {
			isa = PBXNativeTarget;
			buildConfigurationList = CACF1C0527CFF6B600544E14 /* Build configuration list for PBXNativeTarget "NotificacionesAgrupadasTests" */;
			buildPhases = (
				CACF1BEA27CFF6B600544E14 /* Sources */,
				CACF1BEB27CFF6B600544E14 /* Frameworks */,
				CACF1BEC27CFF6B600544E14 /* Resources */,
			);
			buildRules = (
			);
			dependencies = (
				CACF1BF027CFF6B600544E14 /* PBXTargetDependency */,
			);
			name = NotificacionesAgrupadasTests;
			productName = NotificacionesAgrupadasTests;
			productReference = CACF1BEE27CFF6B600544E14 /* NotificacionesAgrupadasTests.xctest */;
			productType = "com.apple.product-type.bundle.unit-test";
		};
		CACF1BF727CFF6B600544E14 /* NotificacionesAgrupadasUITests */ = {
			isa = PBXNativeTarget;
			buildConfigurationList = CACF1C0827CFF6B600544E14 /* Build configuration list for PBXNativeTarget "NotificacionesAgrupadasUITests" */;
			buildPhases = (
				CACF1BF427CFF6B600544E14 /* Sources */,
				CACF1BF527CFF6B600544E14 /* Frameworks */,
				CACF1BF627CFF6B600544E14 /* Resources */,
			);
			buildRules = (
			);
			dependencies = (
				CACF1BFA27CFF6B600544E14 /* PBXTargetDependency */,
			);
			name = NotificacionesAgrupadasUITests;
			productName = NotificacionesAgrupadasUITests;
			productReference = CACF1BF827CFF6B600544E14 /* NotificacionesAgrupadasUITests.xctest */;
			productType = "com.apple.product-type.bundle.ui-testing";
		};
/* End PBXNativeTarget section */

/* Begin PBXProject section */
		CACF1BD027CFF6B500544E14 /* Project object */ = {
			isa = PBXProject;
			attributes = {
				BuildIndependentTargetsInParallel = 1;
				LastSwiftUpdateCheck = 1310;
				LastUpgradeCheck = 1310;
				TargetAttributes = {
					CACF1BD727CFF6B500544E14 = {
						CreatedOnToolsVersion = 13.1;
					};
					CACF1BED27CFF6B600544E14 = {
						CreatedOnToolsVersion = 13.1;
						TestTargetID = CACF1BD727CFF6B500544E14;
					};
					CACF1BF727CFF6B600544E14 = {
						CreatedOnToolsVersion = 13.1;
						TestTargetID = CACF1BD727CFF6B500544E14;
					};
				};
			};
			buildConfigurationList = CACF1BD327CFF6B500544E14 /* Build configuration list for PBXProject "NotificacionesAgrupadas" */;
			compatibilityVersion = "Xcode 13.0";
			developmentRegion = en;
			hasScannedForEncodings = 0;
			knownRegions = (
				en,
				Base,
			);
			mainGroup = CACF1BCF27CFF6B500544E14;
			productRefGroup = CACF1BD927CFF6B500544E14 /* Products */;
			projectDirPath = "";
			projectRoot = "";
			targets = (
				CACF1BD727CFF6B500544E14 /* NotificacionesAgrupadas */,
				CACF1BED27CFF6B600544E14 /* NotificacionesAgrupadasTests */,
				CACF1BF727CFF6B600544E14 /* NotificacionesAgrupadasUITests */,
			);
		};
/* End PBXProject section */

/* Begin PBXResourcesBuildPhase section */
		CACF1BD627CFF6B500544E14 /* Resources */ = {
			isa = PBXResourcesBuildPhase;
			buildActionMask = 2147483647;
			files = (
				CACF1BE827CFF6B600544E14 /* LaunchScreen.storyboard in Resources */,
				CACF1BE527CFF6B600544E14 /* Assets.xcassets in Resources */,
				CACF1BE327CFF6B500544E14 /* Main.storyboard in Resources */,
				CAA400B127D280BA00A303E9 /* json.apns in Resources */,
			);
			runOnlyForDeploymentPostprocessing = 0;
		};
		CACF1BEC27CFF6B600544E14 /* Resources */ = {
			isa = PBXResourcesBuildPhase;
			buildActionMask = 2147483647;
			files = (
			);
			runOnlyForDeploymentPostprocessing = 0;
		};
		CACF1BF627CFF6B600544E14 /* Resources */ = {
			isa = PBXResourcesBuildPhase;
			buildActionMask = 2147483647;
			files = (
			);
			runOnlyForDeploymentPostprocessing = 0;
		};
/* End PBXResourcesBuildPhase section */

/* Begin PBXSourcesBuildPhase section */
		CACF1BD427CFF6B500544E14 /* Sources */ = {
			isa = PBXSourcesBuildPhase;
			buildActionMask = 2147483647;
			files = (
				CACF1BE027CFF6B500544E14 /* ViewController.swift in Sources */,
				CACF1BDC27CFF6B500544E14 /* AppDelegate.swift in Sources */,
				CACF1BDE27CFF6B500544E14 /* SceneDelegate.swift in Sources */,
			);
			runOnlyForDeploymentPostprocessing = 0;
		};
		CACF1BEA27CFF6B600544E14 /* Sources */ = {
			isa = PBXSourcesBuildPhase;
			buildActionMask = 2147483647;
			files = (
				CACF1BF327CFF6B600544E14 /* NotificacionesAgrupadasTests.swift in Sources */,
			);
			runOnlyForDeploymentPostprocessing = 0;
		};
		CACF1BF427CFF6B600544E14 /* Sources */ = {
			isa = PBXSourcesBuildPhase;
			buildActionMask = 2147483647;
			files = (
				CACF1BFD27CFF6B600544E14 /* NotificacionesAgrupadasUITests.swift in Sources */,
				CACF1BFF27CFF6B600544E14 /* NotificacionesAgrupadasUITestsLaunchTests.swift in Sources */,
			);
			runOnlyForDeploymentPostprocessing = 0;
		};
/* End PBXSourcesBuildPhase section */

/* Begin PBXTargetDependency section */
		CACF1BF027CFF6B600544E14 /* PBXTargetDependency */ = {
			isa = PBXTargetDependency;
			target = CACF1BD727CFF6B500544E14 /* NotificacionesAgrupadas */;
			targetProxy = CACF1BEF27CFF6B600544E14 /* PBXContainerItemProxy */;
		};
		CACF1BFA27CFF6B600544E14 /* PBXTargetDependency */ = {
			isa = PBXTargetDependency;
			target = CACF1BD727CFF6B500544E14 /* NotificacionesAgrupadas */;
			targetProxy = CACF1BF927CFF6B600544E14 /* PBXContainerItemProxy */;
		};
/* End PBXTargetDependency section */

/* Begin PBXVariantGroup section */
		CACF1BE127CFF6B500544E14 /* Main.storyboard */ = {
			isa = PBXVariantGroup;
			children = (
				CACF1BE227CFF6B500544E14 /* Base */,
			);
			name = Main.storyboard;
			sourceTree = "<group>";
		};
		CACF1BE627CFF6B600544E14 /* LaunchScreen.storyboard */ = {
			isa = PBXVariantGroup;
			children = (
				CACF1BE727CFF6B600544E14 /* Base */,
			);
			name = LaunchScreen.storyboard;
			sourceTree = "<group>";
		};
/* End PBXVariantGroup section */

/* Begin XCBuildConfiguration section */
		CACF1C0027CFF6B600544E14 /* Debug */ = {
			isa = XCBuildConfiguration;
			buildSettings = {
				ALWAYS_SEARCH_USER_PATHS = NO;
				CLANG_ANALYZER_NONNULL = YES;
				CLANG_ANALYZER_NUMBER_OBJECT_CONVERSION = YES_AGGRESSIVE;
				CLANG_CXX_LANGUAGE_STANDARD = "gnu++17";
				CLANG_CXX_LIBRARY = "libc++";
				CLANG_ENABLE_MODULES = YES;
				CLANG_ENABLE_OBJC_ARC = YES;
				CLANG_ENABLE_OBJC_WEAK = YES;
				CLANG_WARN_BLOCK_CAPTURE_AUTORELEASING = YES;
				CLANG_WARN_BOOL_CONVERSION = YES;
				CLANG_WARN_COMMA = YES;
				CLANG_WARN_CONSTANT_CONVERSION = YES;
				CLANG_WARN_DEPRECATED_OBJC_IMPLEMENTATIONS = YES;
				CLANG_WARN_DIRECT_OBJC_ISA_USAGE = YES_ERROR;
				CLANG_WARN_DOCUMENTATION_COMMENTS = YES;
				CLANG_WARN_EMPTY_BODY = YES;
				CLANG_WARN_ENUM_CONVERSION = YES;
				CLANG_WARN_INFINITE_RECURSION = YES;
				CLANG_WARN_INT_CONVERSION = YES;
				CLANG_WARN_NON_LITERAL_NULL_CONVERSION = YES;
				CLANG_WARN_OBJC_IMPLICIT_RETAIN_SELF = YES;
				CLANG_WARN_OBJC_LITERAL_CONVERSION = YES;
				CLANG_WARN_OBJC_ROOT_CLASS = YES_ERROR;
				CLANG_WARN_QUOTED_INCLUDE_IN_FRAMEWORK_HEADER = YES;
				CLANG_WARN_RANGE_LOOP_ANALYSIS = YES;
				CLANG_WARN_STRICT_PROTOTYPES = YES;
				CLANG_WARN_SUSPICIOUS_MOVE = YES;
				CLANG_WARN_UNGUARDED_AVAILABILITY = YES_AGGRESSIVE;
				CLANG_WARN_UNREACHABLE_CODE = YES;
				CLANG_WARN__DUPLICATE_METHOD_MATCH = YES;
				COPY_PHASE_STRIP = NO;
				DEBUG_INFORMATION_FORMAT = dwarf;
				ENABLE_STRICT_OBJC_MSGSEND = YES;
				ENABLE_TESTABILITY = YES;
				GCC_C_LANGUAGE_STANDARD = gnu11;
				GCC_DYNAMIC_NO_PIC = NO;
				GCC_NO_COMMON_BLOCKS = YES;
				GCC_OPTIMIZATION_LEVEL = 0;
				GCC_PREPROCESSOR_DEFINITIONS = (
					"DEBUG=1",
					"$(inherited)",
				);
				GCC_WARN_64_TO_32_BIT_CONVERSION = YES;
				GCC_WARN_ABOUT_RETURN_TYPE = YES_ERROR;
				GCC_WARN_UNDECLARED_SELECTOR = YES;
				GCC_WARN_UNINITIALIZED_AUTOS = YES_AGGRESSIVE;
				GCC_WARN_UNUSED_FUNCTION = YES;
				GCC_WARN_UNUSED_VARIABLE = YES;
				IPHONEOS_DEPLOYMENT_TARGET = 15.0;
				MTL_ENABLE_DEBUG_INFO = INCLUDE_SOURCE;
				MTL_FAST_MATH = YES;
				ONLY_ACTIVE_ARCH = YES;
				SDKROOT = iphoneos;
				SWIFT_ACTIVE_COMPILATION_CONDITIONS = DEBUG;
				SWIFT_OPTIMIZATION_LEVEL = "-Onone";
			};
			name = Debug;
		};
		CACF1C0127CFF6B600544E14 /* Release */ = {
			isa = XCBuildConfiguration;
			buildSettings = {
				ALWAYS_SEARCH_USER_PATHS = NO;
				CLANG_ANALYZER_NONNULL = YES;
				CLANG_ANALYZER_NUMBER_OBJECT_CONVERSION = YES_AGGRESSIVE;
				CLANG_CXX_LANGUAGE_STANDARD = "gnu++17";
				CLANG_CXX_LIBRARY = "libc++";
				CLANG_ENABLE_MODULES = YES;
				CLANG_ENABLE_OBJC_ARC = YES;
				CLANG_ENABLE_OBJC_WEAK = YES;
				CLANG_WARN_BLOCK_CAPTURE_AUTORELEASING = YES;
				CLANG_WARN_BOOL_CONVERSION = YES;
				CLANG_WARN_COMMA = YES;
				CLANG_WARN_CONSTANT_CONVERSION = YES;
				CLANG_WARN_DEPRECATED_OBJC_IMPLEMENTATIONS = YES;
				CLANG_WARN_DIRECT_OBJC_ISA_USAGE = YES_ERROR;
				CLANG_WARN_DOCUMENTATION_COMMENTS = YES;
				CLANG_WARN_EMPTY_BODY = YES;
				CLANG_WARN_ENUM_CONVERSION = YES;
				CLANG_WARN_INFINITE_RECURSION = YES;
				CLANG_WARN_INT_CONVERSION = YES;
				CLANG_WARN_NON_LITERAL_NULL_CONVERSION = YES;
				CLANG_WARN_OBJC_IMPLICIT_RETAIN_SELF = YES;
				CLANG_WARN_OBJC_LITERAL_CONVERSION = YES;
				CLANG_WARN_OBJC_ROOT_CLASS = YES_ERROR;
				CLANG_WARN_QUOTED_INCLUDE_IN_FRAMEWORK_HEADER = YES;
				CLANG_WARN_RANGE_LOOP_ANALYSIS = YES;
				CLANG_WARN_STRICT_PROTOTYPES = YES;
				CLANG_WARN_SUSPICIOUS_MOVE = YES;
				CLANG_WARN_UNGUARDED_AVAILABILITY = YES_AGGRESSIVE;
				CLANG_WARN_UNREACHABLE_CODE = YES;
				CLANG_WARN__DUPLICATE_METHOD_MATCH = YES;
				COPY_PHASE_STRIP = NO;
				DEBUG_INFORMATION_FORMAT = "dwarf-with-dsym";
				ENABLE_NS_ASSERTIONS = NO;
				ENABLE_STRICT_OBJC_MSGSEND = YES;
				GCC_C_LANGUAGE_STANDARD = gnu11;
				GCC_NO_COMMON_BLOCKS = YES;
				GCC_WARN_64_TO_32_BIT_CONVERSION = YES;
				GCC_WARN_ABOUT_RETURN_TYPE = YES_ERROR;
				GCC_WARN_UNDECLARED_SELECTOR = YES;
				GCC_WARN_UNINITIALIZED_AUTOS = YES_AGGRESSIVE;
				GCC_WARN_UNUSED_FUNCTION = YES;
				GCC_WARN_UNUSED_VARIABLE = YES;
				IPHONEOS_DEPLOYMENT_TARGET = 15.0;
				MTL_ENABLE_DEBUG_INFO = NO;
				MTL_FAST_MATH = YES;
				SDKROOT = iphoneos;
				SWIFT_COMPILATION_MODE = wholemodule;
				SWIFT_OPTIMIZATION_LEVEL = "-O";
				VALIDATE_PRODUCT = YES;
			};
			name = Release;
		};
		CACF1C0327CFF6B600544E14 /* Debug */ = {
			isa = XCBuildConfiguration;
			buildSettings = {
				ASSETCATALOG_COMPILER_APPICON_NAME = AppIcon;
				ASSETCATALOG_COMPILER_GLOBAL_ACCENT_COLOR_NAME = AccentColor;
				CODE_SIGN_IDENTITY = "Apple Development";
				CODE_SIGN_STYLE = Automatic;
				CURRENT_PROJECT_VERSION = 1;
				DEVELOPMENT_TEAM = R2W2JY63WA;
				GENERATE_INFOPLIST_FILE = YES;
				INFOPLIST_FILE = NotificacionesAgrupadas/Info.plist;
				INFOPLIST_KEY_UIApplicationSupportsIndirectInputEvents = YES;
				INFOPLIST_KEY_UILaunchStoryboardName = LaunchScreen;
				INFOPLIST_KEY_UIMainStoryboardFile = Main;
				INFOPLIST_KEY_UISupportedInterfaceOrientations_iPad = "UIInterfaceOrientationPortrait UIInterfaceOrientationPortraitUpsideDown UIInterfaceOrientationLandscapeLeft UIInterfaceOrientationLandscapeRight";
				INFOPLIST_KEY_UISupportedInterfaceOrientations_iPhone = "UIInterfaceOrientationPortrait UIInterfaceOrientationLandscapeLeft UIInterfaceOrientationLandscapeRight";
				IPHONEOS_DEPLOYMENT_TARGET = 14.0;
				LD_RUNPATH_SEARCH_PATHS = (
					"$(inherited)",
					"@executable_path/Frameworks",
				);
				MARKETING_VERSION = 1.0;
				PRODUCT_BUNDLE_IDENTIFIER = com.carlos.NotificacionesAgrupadas;
				PRODUCT_NAME = "$(TARGET_NAME)";
				PROVISIONING_PROFILE_SPECIFIER = "";
				SWIFT_EMIT_LOC_STRINGS = YES;
				SWIFT_VERSION = 5.0;
				TARGETED_DEVICE_FAMILY = "1,2";
			};
			name = Debug;
		};
		CACF1C0427CFF6B600544E14 /* Release */ = {
			isa = XCBuildConfiguration;
			buildSettings = {
				ASSETCATALOG_COMPILER_APPICON_NAME = AppIcon;
				ASSETCATALOG_COMPILER_GLOBAL_ACCENT_COLOR_NAME = AccentColor;
				CODE_SIGN_IDENTITY = "Apple Development";
				CODE_SIGN_STYLE = Automatic;
				CURRENT_PROJECT_VERSION = 1;
				DEVELOPMENT_TEAM = R2W2JY63WA;
				GENERATE_INFOPLIST_FILE = YES;
				INFOPLIST_FILE = NotificacionesAgrupadas/Info.plist;
				INFOPLIST_KEY_UIApplicationSupportsIndirectInputEvents = YES;
				INFOPLIST_KEY_UILaunchStoryboardName = LaunchScreen;
				INFOPLIST_KEY_UIMainStoryboardFile = Main;
				INFOPLIST_KEY_UISupportedInterfaceOrientations_iPad = "UIInterfaceOrientationPortrait UIInterfaceOrientationPortraitUpsideDown UIInterfaceOrientationLandscapeLeft UIInterfaceOrientationLandscapeRight";
				INFOPLIST_KEY_UISupportedInterfaceOrientations_iPhone = "UIInterfaceOrientationPortrait UIInterfaceOrientationLandscapeLeft UIInterfaceOrientationLandscapeRight";
				IPHONEOS_DEPLOYMENT_TARGET = 14.0;
				LD_RUNPATH_SEARCH_PATHS = (
					"$(inherited)",
					"@executable_path/Frameworks",
				);
				MARKETING_VERSION = 1.0;
				PRODUCT_BUNDLE_IDENTIFIER = com.carlos.NotificacionesAgrupadas;
				PRODUCT_NAME = "$(TARGET_NAME)";
				PROVISIONING_PROFILE_SPECIFIER = "";
				SWIFT_EMIT_LOC_STRINGS = YES;
				SWIFT_VERSION = 5.0;
				TARGETED_DEVICE_FAMILY = "1,2";
			};
			name = Release;
		};
		CACF1C0627CFF6B600544E14 /* Debug */ = {
			isa = XCBuildConfiguration;
			buildSettings = {
				ALWAYS_EMBED_SWIFT_STANDARD_LIBRARIES = YES;
				BUNDLE_LOADER = "$(TEST_HOST)";
				CODE_SIGN_STYLE = Automatic;
				CURRENT_PROJECT_VERSION = 1;
				DEVELOPMENT_TEAM = R2W2JY63WA;
				GENERATE_INFOPLIST_FILE = YES;
				IPHONEOS_DEPLOYMENT_TARGET = 15.0;
				LD_RUNPATH_SEARCH_PATHS = (
					"$(inherited)",
					"@executable_path/Frameworks",
					"@loader_path/Frameworks",
				);
				MARKETING_VERSION = 1.0;
				PRODUCT_BUNDLE_IDENTIFIER = com.carlos.NotificacionesAgrupadasTests;
				PRODUCT_NAME = "$(TARGET_NAME)";
				SWIFT_EMIT_LOC_STRINGS = NO;
				SWIFT_VERSION = 5.0;
				TARGETED_DEVICE_FAMILY = "1,2";
				TEST_HOST = "$(BUILT_PRODUCTS_DIR)/NotificacionesAgrupadas.app/NotificacionesAgrupadas";
			};
			name = Debug;
		};
		CACF1C0727CFF6B600544E14 /* Release */ = {
			isa = XCBuildConfiguration;
			buildSettings = {
				ALWAYS_EMBED_SWIFT_STANDARD_LIBRARIES = YES;
				BUNDLE_LOADER = "$(TEST_HOST)";
				CODE_SIGN_STYLE = Automatic;
				CURRENT_PROJECT_VERSION = 1;
				DEVELOPMENT_TEAM = R2W2JY63WA;
				GENERATE_INFOPLIST_FILE = YES;
				IPHONEOS_DEPLOYMENT_TARGET = 15.0;
				LD_RUNPATH_SEARCH_PATHS = (
					"$(inherited)",
					"@executable_path/Frameworks",
					"@loader_path/Frameworks",
				);
				MARKETING_VERSION = 1.0;
				PRODUCT_BUNDLE_IDENTIFIER = com.carlos.NotificacionesAgrupadasTests;
				PRODUCT_NAME = "$(TARGET_NAME)";
				SWIFT_EMIT_LOC_STRINGS = NO;
				SWIFT_VERSION = 5.0;
				TARGETED_DEVICE_FAMILY = "1,2";
				TEST_HOST = "$(BUILT_PRODUCTS_DIR)/NotificacionesAgrupadas.app/NotificacionesAgrupadas";
			};
			name = Release;
		};
		CACF1C0927CFF6B600544E14 /* Debug */ = {
			isa = XCBuildConfiguration;
			buildSettings = {
				ALWAYS_EMBED_SWIFT_STANDARD_LIBRARIES = YES;
				CODE_SIGN_STYLE = Automatic;
				CURRENT_PROJECT_VERSION = 1;
				DEVELOPMENT_TEAM = R2W2JY63WA;
				GENERATE_INFOPLIST_FILE = YES;
				LD_RUNPATH_SEARCH_PATHS = (
					"$(inherited)",
					"@executable_path/Frameworks",
					"@loader_path/Frameworks",
				);
				MARKETING_VERSION = 1.0;
				PRODUCT_BUNDLE_IDENTIFIER = com.carlos.NotificacionesAgrupadasUITests;
				PRODUCT_NAME = "$(TARGET_NAME)";
				SWIFT_EMIT_LOC_STRINGS = NO;
				SWIFT_VERSION = 5.0;
				TARGETED_DEVICE_FAMILY = "1,2";
				TEST_TARGET_NAME = NotificacionesAgrupadas;
			};
			name = Debug;
		};
		CACF1C0A27CFF6B600544E14 /* Release */ = {
			isa = XCBuildConfiguration;
			buildSettings = {
				ALWAYS_EMBED_SWIFT_STANDARD_LIBRARIES = YES;
				CODE_SIGN_STYLE = Automatic;
				CURRENT_PROJECT_VERSION = 1;
				DEVELOPMENT_TEAM = R2W2JY63WA;
				GENERATE_INFOPLIST_FILE = YES;
				LD_RUNPATH_SEARCH_PATHS = (
					"$(inherited)",
					"@executable_path/Frameworks",
					"@loader_path/Frameworks",
				);
				MARKETING_VERSION = 1.0;
				PRODUCT_BUNDLE_IDENTIFIER = com.carlos.NotificacionesAgrupadasUITests;
				PRODUCT_NAME = "$(TARGET_NAME)";
				SWIFT_EMIT_LOC_STRINGS = NO;
				SWIFT_VERSION = 5.0;
				TARGETED_DEVICE_FAMILY = "1,2";
				TEST_TARGET_NAME = NotificacionesAgrupadas;
			};
			name = Release;
		};
/* End XCBuildConfiguration section */

/* Begin XCConfigurationList section */
		CACF1BD327CFF6B500544E14 /* Build configuration list for PBXProject "NotificacionesAgrupadas" */ = {
			isa = XCConfigurationList;
			buildConfigurations = (
				CACF1C0027CFF6B600544E14 /* Debug */,
				CACF1C0127CFF6B600544E14 /* Release */,
			);
			defaultConfigurationIsVisible = 0;
			defaultConfigurationName = Release;
		};
		CACF1C0227CFF6B600544E14 /* Build configuration list for PBXNativeTarget "NotificacionesAgrupadas" */ = {
			isa = XCConfigurationList;
			buildConfigurations = (
				CACF1C0327CFF6B600544E14 /* Debug */,
				CACF1C0427CFF6B600544E14 /* Release */,
			);
			defaultConfigurationIsVisible = 0;
			defaultConfigurationName = Release;
		};
		CACF1C0527CFF6B600544E14 /* Build configuration list for PBXNativeTarget "NotificacionesAgrupadasTests" */ = {
			isa = XCConfigurationList;
			buildConfigurations = (
				CACF1C0627CFF6B600544E14 /* Debug */,
				CACF1C0727CFF6B600544E14 /* Release */,
			);
			defaultConfigurationIsVisible = 0;
			defaultConfigurationName = Release;
		};
		CACF1C0827CFF6B600544E14 /* Build configuration list for PBXNativeTarget "NotificacionesAgrupadasUITests" */ = {
			isa = XCConfigurationList;
			buildConfigurations = (
				CACF1C0927CFF6B600544E14 /* Debug */,
				CACF1C0A27CFF6B600544E14 /* Release */,
			);
			defaultConfigurationIsVisible = 0;
			defaultConfigurationName = Release;
		};
/* End XCConfigurationList section */
	};
	rootObject = CACF1BD027CFF6B500544E14 /* Project object */;
}
